
Microsoft Visual Studio Solution File, Format Version 12.00
# Visual Studio Version 16
VisualStudioVersion = 16.0.31229.75
MinimumVisualStudioVersion = 10.0.40219.1
Project("{FAE04EC0-301F-11D3-BF4B-00C04F79EFBC}") = "TestFramework", "TestFramework\TestFramework.csproj", "{493C0C4B-91C3-4B49-92A3-412AB0905C5C}"
EndProject
Project("{FAE04EC0-301F-11D3-BF4B-00C04F79EFBC}") = "UITests", "UITests\UITests.csproj", "{0E127EB2-596D-4684-BFCC-4DF2751D2666}"
EndProject
Project("{FAE04EC0-301F-11D3-BF4B-00C04F79EFBC}") = "UIParallelTests", "UIParallelTests\UIParallelTests.csproj", "{1AC552B1-670E-469F-8471-7367B4F5E52B}"
EndProject
Global
	GlobalSection(SolutionConfigurationPlatforms) = preSolution
		Debug|Any CPU = Debug|Any CPU
		Release|Any CPU = Release|Any CPU
	EndGlobalSection
	GlobalSection(ProjectConfigurationPlatforms) = postSolution
		{493C0C4B-91C3-4B49-92A3-412AB0905C5C}.Debug|Any CPU.ActiveCfg = Debug|Any CPU
		{493C0C4B-91C3-4B49-92A3-412AB0905C5C}.Debug|Any CPU.Build.0 = Debug|Any CPU
		{493C0C4B-91C3-4B49-92A3-412AB0905C5C}.Release|Any CPU.ActiveCfg = Release|Any CPU
		{493C0C4B-91C3-4B49-92A3-412AB0905C5C}.Release|Any CPU.Build.0 = Release|Any CPU
		{0E127EB2-596D-4684-BFCC-4DF2751D2666}.Debug|Any CPU.ActiveCfg = Debug|Any CPU
		{0E127EB2-596D-4684-BFCC-4DF2751D2666}.Debug|Any CPU.Build.0 = Debug|Any CPU
		{0E127EB2-596D-4684-BFCC-4DF2751D2666}.Release|Any CPU.ActiveCfg = Release|Any CPU
		{0E127EB2-596D-4684-BFCC-4DF2751D2666}.Release|Any CPU.Build.0 = Release|Any CPU
		{1AC552B1-670E-469F-8471-7367B4F5E52B}.Debug|Any CPU.ActiveCfg = Debug|Any CPU
		{1AC552B1-670E-469F-8471-7367B4F5E52B}.Debug|Any CPU.Build.0 = Debug|Any CPU
		{1AC552B1-670E-469F-8471-7367B4F5E52B}.Release|Any CPU.ActiveCfg = Release|Any CPU
		{1AC552B1-670E-469F-8471-7367B4F5E52B}.Release|Any CPU.Build.0 = Release|Any CPU
	EndGlobalSection
	GlobalSection(SolutionProperties) = preSolution
		HideSolutionNode = FALSE
	EndGlobalSection
	GlobalSection(ExtensibilityGlobals) = postSolution
		SolutionGuid = {0CB6126E-E0D0-4A77-A4DC-2F60F6A8E3E6}
	EndGlobalSection
EndGlobal
